// !$*UTF8*$!
{
	archiveVersion = 1;
	classes = {
	};
	objectVersion = 56;
	objects = {

/* Begin PBXBuildFile section */
		48FA76052A51B25F008CABDE /* AppDelegate.swift in Sources */ = {isa = PBXBuildFile; fileRef = 48FA76042A51B25F008CABDE /* AppDelegate.swift */; };
		48FA76072A51B25F008CABDE /* SceneDelegate.swift in Sources */ = {isa = PBXBuildFile; fileRef = 48FA76062A51B25F008CABDE /* SceneDelegate.swift */; };
		48FA76092A51B25F008CABDE /* ViewController.swift in Sources */ = {isa = PBXBuildFile; fileRef = 48FA76082A51B25F008CABDE /* ViewController.swift */; };
		48FA760C2A51B25F008CABDE /* Main.storyboard in Resources */ = {isa = PBXBuildFile; fileRef = 48FA760A2A51B25F008CABDE /* Main.storyboard */; };
		48FA760E2A51B25F008CABDE /* Assets.xcassets in Resources */ = {isa = PBXBuildFile; fileRef = 48FA760D2A51B25F008CABDE /* Assets.xcassets */; };
		48FA76112A51B25F008CABDE /* LaunchScreen.storyboard in Resources */ = {isa = PBXBuildFile; fileRef = 48FA760F2A51B25F008CABDE /* LaunchScreen.storyboard */; };
		48FA761C2A51B8FC008CABDE /* SFSymbolAnimationViewController.swift in Sources */ = {isa = PBXBuildFile; fileRef = 48FA761A2A51B8FC008CABDE /* SFSymbolAnimationViewController.swift */; };
		48FA761D2A51B8FC008CABDE /* SFSymbolAnimationViewController.xib in Resources */ = {isa = PBXBuildFile; fileRef = 48FA761B2A51B8FC008CABDE /* SFSymbolAnimationViewController.xib */; };
/* End PBXBuildFile section */

/* Begin PBXFileReference section */
		48FA76012A51B25F008CABDE /* WWDC23Sandbox.app */ = {isa = PBXFileReference; explicitFileType = wrapper.application; includeInIndex = 0; path = WWDC23Sandbox.app; sourceTree = BUILT_PRODUCTS_DIR; };
		48FA76042A51B25F008CABDE /* AppDelegate.swift */ = {isa = PBXFileReference; lastKnownFileType = sourcecode.swift; path = AppDelegate.swift; sourceTree = "<group>"; };
		48FA76062A51B25F008CABDE /* SceneDelegate.swift */ = {isa = PBXFileReference; lastKnownFileType = sourcecode.swift; path = SceneDelegate.swift; sourceTree = "<group>"; };
		48FA76082A51B25F008CABDE /* ViewController.swift */ = {isa = PBXFileReference; lastKnownFileType = sourcecode.swift; path = ViewController.swift; sourceTree = "<group>"; };
		48FA760B2A51B25F008CABDE /* Base */ = {isa = PBXFileReference; lastKnownFileType = file.storyboard; name = Base; path = Base.lproj/Main.storyboard; sourceTree = "<group>"; };
		48FA760D2A51B25F008CABDE /* Assets.xcassets */ = {isa = PBXFileReference; lastKnownFileType = folder.assetcatalog; path = Assets.xcassets; sourceTree = "<group>"; };
		48FA76102A51B25F008CABDE /* Base */ = {isa = PBXFileReference; lastKnownFileType = file.storyboard; name = Base; path = Base.lproj/LaunchScreen.storyboard; sourceTree = "<group>"; };
		48FA76122A51B25F008CABDE /* Info.plist */ = {isa = PBXFileReference; lastKnownFileType = text.plist.xml; path = Info.plist; sourceTree = "<group>"; };
		48FA761A2A51B8FC008CABDE /* SFSymbolAnimationViewController.swift */ = {isa = PBXFileReference; lastKnownFileType = sourcecode.swift; path = SFSymbolAnimationViewController.swift; sourceTree = "<group>"; };
		48FA761B2A51B8FC008CABDE /* SFSymbolAnimationViewController.xib */ = {isa = PBXFileReference; lastKnownFileType = file.xib; path = SFSymbolAnimationViewController.xib; sourceTree = "<group>"; };
/* End PBXFileReference section */

/* Begin PBXFrameworksBuildPhase section */
		48FA75FE2A51B25F008CABDE /* Frameworks */ = {
			isa = PBXFrameworksBuildPhase;
			buildActionMask = 2147483647;
			files = (
			);
			runOnlyForDeploymentPostprocessing = 0;
		};
/* End PBXFrameworksBuildPhase section */

/* Begin PBXGroup section */
		48FA75F82A51B25F008CABDE = {
			isa = PBXGroup;
			children = (
				48FA76032A51B25F008CABDE /* WWDC23Sandbox */,
				48FA76022A51B25F008CABDE /* Products */,
			);
			sourceTree = "<group>";
		};
		48FA76022A51B25F008CABDE /* Products */ = {
			isa = PBXGroup;
			children = (
				48FA76012A51B25F008CABDE /* WWDC23Sandbox.app */,
			);
			name = Products;
			sourceTree = "<group>";
		};
		48FA76032A51B25F008CABDE /* WWDC23Sandbox */ = {
			isa = PBXGroup;
			children = (
				48FA76182A51B8CA008CABDE /* ChildViews */,
				48FA76042A51B25F008CABDE /* AppDelegate.swift */,
				48FA76062A51B25F008CABDE /* SceneDelegate.swift */,
				48FA76082A51B25F008CABDE /* ViewController.swift */,
				48FA760A2A51B25F008CABDE /* Main.storyboard */,
				48FA760D2A51B25F008CABDE /* Assets.xcassets */,
				48FA760F2A51B25F008CABDE /* LaunchScreen.storyboard */,
				48FA76122A51B25F008CABDE /* Info.plist */,
			);
			path = WWDC23Sandbox;
			sourceTree = "<group>";
		};
		48FA76182A51B8CA008CABDE /* ChildViews */ = {
			isa = PBXGroup;
			children = (
				48FA76192A51B8D3008CABDE /* SFSymbolAnimation */,
			);
			path = ChildViews;
			sourceTree = "<group>";
		};
		48FA76192A51B8D3008CABDE /* SFSymbolAnimation */ = {
			isa = PBXGroup;
			children = (
				48FA761A2A51B8FC008CABDE /* SFSymbolAnimationViewController.swift */,
				48FA761B2A51B8FC008CABDE /* SFSymbolAnimationViewController.xib */,
			);
			path = SFSymbolAnimation;
			sourceTree = "<group>";
		};
/* End PBXGroup section */

/* Begin PBXNativeTarget section */
		48FA76002A51B25F008CABDE /* WWDC23Sandbox */ = {
			isa = PBXNativeTarget;
			buildConfigurationList = 48FA76152A51B25F008CABDE /* Build configuration list for PBXNativeTarget "WWDC23Sandbox" */;
			buildPhases = (
				48FA75FD2A51B25F008CABDE /* Sources */,
				48FA75FE2A51B25F008CABDE /* Frameworks */,
				48FA75FF2A51B25F008CABDE /* Resources */,
			);
			buildRules = (
			);
			dependencies = (
			);
			name = WWDC23Sandbox;
			productName = WWDC23Sandbox;
			productReference = 48FA76012A51B25F008CABDE /* WWDC23Sandbox.app */;
			productType = "com.apple.product-type.application";
		};
/* End PBXNativeTarget section */

/* Begin PBXProject section */
		48FA75F92A51B25F008CABDE /* Project object */ = {
			isa = PBXProject;
			attributes = {
				BuildIndependentTargetsInParallel = 1;
				LastSwiftUpdateCheck = 1500;
				LastUpgradeCheck = 1500;
				TargetAttributes = {
					48FA76002A51B25F008CABDE = {
						CreatedOnToolsVersion = 15.0;
					};
				};
			};
			buildConfigurationList = 48FA75FC2A51B25F008CABDE /* Build configuration list for PBXProject "WWDC23Sandbox" */;
			compatibilityVersion = "Xcode 14.0";
			developmentRegion = en;
			hasScannedForEncodings = 0;
			knownRegions = (
				en,
				Base,
			);
			mainGroup = 48FA75F82A51B25F008CABDE;
			productRefGroup = 48FA76022A51B25F008CABDE /* Products */;
			projectDirPath = "";
			projectRoot = "";
			targets = (
				48FA76002A51B25F008CABDE /* WWDC23Sandbox */,
			);
		};
/* End PBXProject section */

/* Begin PBXResourcesBuildPhase section */
		48FA75FF2A51B25F008CABDE /* Resources */ = {
			isa = PBXResourcesBuildPhase;
			buildActionMask = 2147483647;
			files = (
				48FA76112A51B25F008CABDE /* LaunchScreen.storyboard in Resources */,
				48FA760E2A51B25F008CABDE /* Assets.xcassets in Resources */,
				48FA761D2A51B8FC008CABDE /* SFSymbolAnimationViewController.xib in Resources */,
				48FA760C2A51B25F008CABDE /* Main.storyboard in Resources */,
			);
			runOnlyForDeploymentPostprocessing = 0;
		};
/* End PBXResourcesBuildPhase section */

/* Begin PBXSourcesBuildPhase section */
		48FA75FD2A51B25F008CABDE /* Sources */ = {
			isa = PBXSourcesBuildPhase;
			buildActionMask = 2147483647;
			files = (
				48FA76092A51B25F008CABDE /* ViewController.swift in Sources */,
				48FA76052A51B25F008CABDE /* AppDelegate.swift in Sources */,
				48FA761C2A51B8FC008CABDE /* SFSymbolAnimationViewController.swift in Sources */,
				48FA76072A51B25F008CABDE /* SceneDelegate.swift in Sources */,
			);
			runOnlyForDeploymentPostprocessing = 0;
		};
/* End PBXSourcesBuildPhase section */

/* Begin PBXVariantGroup section */
		48FA760A2A51B25F008CABDE /* Main.storyboard */ = {
			isa = PBXVariantGroup;
			children = (
				48FA760B2A51B25F008CABDE /* Base */,
			);
			name = Main.storyboard;
			sourceTree = "<group>";
		};
		48FA760F2A51B25F008CABDE /* LaunchScreen.storyboard */ = {
			isa = PBXVariantGroup;
			children = (
				48FA76102A51B25F008CABDE /* Base */,
			);
			name = LaunchScreen.storyboard;
			sourceTree = "<group>";
		};
/* End PBXVariantGroup section */

/* Begin XCBuildConfiguration section */
		48FA76132A51B25F008CABDE /* Debug */ = {
			isa = XCBuildConfiguration;
			buildSettings = {
				ALWAYS_SEARCH_USER_PATHS = NO;
				ASSETCATALOG_COMPILER_GENERATE_SWIFT_ASSET_SYMBOL_EXTENSIONS = YES;
				CLANG_ANALYZER_NONNULL = YES;
				CLANG_ANALYZER_NUMBER_OBJECT_CONVERSION = YES_AGGRESSIVE;
				CLANG_CXX_LANGUAGE_STANDARD = "gnu++20";
				CLANG_ENABLE_MODULES = YES;
				CLANG_ENABLE_OBJC_ARC = YES;
				CLANG_ENABLE_OBJC_WEAK = YES;
				CLANG_WARN_BLOCK_CAPTURE_AUTORELEASING = YES;
				CLANG_WARN_BOOL_CONVERSION = YES;
				CLANG_WARN_COMMA = YES;
				CLANG_WARN_CONSTANT_CONVERSION = YES;
				CLANG_WARN_DEPRECATED_OBJC_IMPLEMENTATIONS = YES;
				CLANG_WARN_DIRECT_OBJC_ISA_USAGE = YES_ERROR;
				CLANG_WARN_DOCUMENTATION_COMMENTS = YES;
				CLANG_WARN_EMPTY_BODY = YES;
				CLANG_WARN_ENUM_CONVERSION = YES;
				CLANG_WARN_INFINITE_RECURSION = YES;
				CLANG_WARN_INT_CONVERSION = YES;
				CLANG_WARN_NON_LITERAL_NULL_CONVERSION = YES;
				CLANG_WARN_OBJC_IMPLICIT_RETAIN_SELF = YES;
				CLANG_WARN_OBJC_LITERAL_CONVERSION = YES;
				CLANG_WARN_OBJC_ROOT_CLASS = YES_ERROR;
				CLANG_WARN_QUOTED_INCLUDE_IN_FRAMEWORK_HEADER = YES;
				CLANG_WARN_RANGE_LOOP_ANALYSIS = YES;
				CLANG_WARN_STRICT_PROTOTYPES = YES;
				CLANG_WARN_SUSPICIOUS_MOVE = YES;
				CLANG_WARN_UNGUARDED_AVAILABILITY = YES_AGGRESSIVE;
				CLANG_WARN_UNREACHABLE_CODE = YES;
				CLANG_WARN__DUPLICATE_METHOD_MATCH = YES;
				COPY_PHASE_STRIP = NO;
				DEBUG_INFORMATION_FORMAT = dwarf;
				ENABLE_STRICT_OBJC_MSGSEND = YES;
				ENABLE_TESTABILITY = YES;
				ENABLE_USER_SCRIPT_SANDBOXING = YES;
				GCC_C_LANGUAGE_STANDARD = gnu17;
				GCC_DYNAMIC_NO_PIC = NO;
				GCC_NO_COMMON_BLOCKS = YES;
				GCC_OPTIMIZATION_LEVEL = 0;
				GCC_PREPROCESSOR_DEFINITIONS = (
					"DEBUG=1",
					"$(inherited)",
				);
				GCC_WARN_64_TO_32_BIT_CONVERSION = YES;
				GCC_WARN_ABOUT_RETURN_TYPE = YES_ERROR;
				GCC_WARN_UNDECLARED_SELECTOR = YES;
				GCC_WARN_UNINITIALIZED_AUTOS = YES_AGGRESSIVE;
				GCC_WARN_UNUSED_FUNCTION = YES;
				GCC_WARN_UNUSED_VARIABLE = YES;
				IPHONEOS_DEPLOYMENT_TARGET = 17.0;
				LOCALIZATION_PREFERS_STRING_CATALOGS = YES;
				MTL_ENABLE_DEBUG_INFO = INCLUDE_SOURCE;
				MTL_FAST_MATH = YES;
				ONLY_ACTIVE_ARCH = YES;
				SDKROOT = iphoneos;
				SWIFT_ACTIVE_COMPILATION_CONDITIONS = "DEBUG $(inherited)";
				SWIFT_OPTIMIZATION_LEVEL = "-Onone";
			};
			name = Debug;
		};
		48FA76142A51B25F008CABDE /* Release */ = {
			isa = XCBuildConfiguration;
			buildSettings = {
				ALWAYS_SEARCH_USER_PATHS = NO;
				ASSETCATALOG_COMPILER_GENERATE_SWIFT_ASSET_SYMBOL_EXTENSIONS = YES;
				CLANG_ANALYZER_NONNULL = YES;
				CLANG_ANALYZER_NUMBER_OBJECT_CONVERSION = YES_AGGRESSIVE;
				CLANG_CXX_LANGUAGE_STANDARD = "gnu++20";
				CLANG_ENABLE_MODULES = YES;
				CLANG_ENABLE_OBJC_ARC = YES;
				CLANG_ENABLE_OBJC_WEAK = YES;
				CLANG_WARN_BLOCK_CAPTURE_AUTORELEASING = YES;
				CLANG_WARN_BOOL_CONVERSION = YES;
				CLANG_WARN_COMMA = YES;
				CLANG_WARN_CONSTANT_CONVERSION = YES;
				CLANG_WARN_DEPRECATED_OBJC_IMPLEMENTATIONS = YES;
				CLANG_WARN_DIRECT_OBJC_ISA_USAGE = YES_ERROR;
				CLANG_WARN_DOCUMENTATION_COMMENTS = YES;
				CLANG_WARN_EMPTY_BODY = YES;
				CLANG_WARN_ENUM_CONVERSION = YES;
				CLANG_WARN_INFINITE_RECURSION = YES;
				CLANG_WARN_INT_CONVERSION = YES;
				CLANG_WARN_NON_LITERAL_NULL_CONVERSION = YES;
				CLANG_WARN_OBJC_IMPLICIT_RETAIN_SELF = YES;
				CLANG_WARN_OBJC_LITERAL_CONVERSION = YES;
				CLANG_WARN_OBJC_ROOT_CLASS = YES_ERROR;
				CLANG_WARN_QUOTED_INCLUDE_IN_FRAMEWORK_HEADER = YES;
				CLANG_WARN_RANGE_LOOP_ANALYSIS = YES;
				CLANG_WARN_STRICT_PROTOTYPES = YES;
				CLANG_WARN_SUSPICIOUS_MOVE = YES;
				CLANG_WARN_UNGUARDED_AVAILABILITY = YES_AGGRESSIVE;
				CLANG_WARN_UNREACHABLE_CODE = YES;
				CLANG_WARN__DUPLICATE_METHOD_MATCH = YES;
				COPY_PHASE_STRIP = NO;
				DEBUG_INFORMATION_FORMAT = "dwarf-with-dsym";
				ENABLE_NS_ASSERTIONS = NO;
				ENABLE_STRICT_OBJC_MSGSEND = YES;
				ENABLE_USER_SCRIPT_SANDBOXING = YES;
				GCC_C_LANGUAGE_STANDARD = gnu17;
				GCC_NO_COMMON_BLOCKS = YES;
				GCC_WARN_64_TO_32_BIT_CONVERSION = YES;
				GCC_WARN_ABOUT_RETURN_TYPE = YES_ERROR;
				GCC_WARN_UNDECLARED_SELECTOR = YES;
				GCC_WARN_UNINITIALIZED_AUTOS = YES_AGGRESSIVE;
				GCC_WARN_UNUSED_FUNCTION = YES;
				GCC_WARN_UNUSED_VARIABLE = YES;
				IPHONEOS_DEPLOYMENT_TARGET = 17.0;
				LOCALIZATION_PREFERS_STRING_CATALOGS = YES;
				MTL_ENABLE_DEBUG_INFO = NO;
				MTL_FAST_MATH = YES;
				SDKROOT = iphoneos;
				SWIFT_COMPILATION_MODE = wholemodule;
				VALIDATE_PRODUCT = YES;
			};
			name = Release;
		};
		48FA76162A51B25F008CABDE /* Debug */ = {
			isa = XCBuildConfiguration;
			buildSettings = {
				ASSETCATALOG_COMPILER_APPICON_NAME = AppIcon;
				ASSETCATALOG_COMPILER_GLOBAL_ACCENT_COLOR_NAME = AccentColor;
				CODE_SIGN_STYLE = Automatic;
				CURRENT_PROJECT_VERSION = 1;
				DEVELOPMENT_TEAM = 67NJZVUMG3;
				GENERATE_INFOPLIST_FILE = YES;
				INFOPLIST_FILE = WWDC23Sandbox/Info.plist;
				INFOPLIST_KEY_UIApplicationSupportsIndirectInputEvents = YES;
				INFOPLIST_KEY_UILaunchStoryboardName = LaunchScreen;
				INFOPLIST_KEY_UIMainStoryboardFile = Main;
				INFOPLIST_KEY_UISupportedInterfaceOrientations_iPad = "UIInterfaceOrientationPortrait UIInterfaceOrientationPortraitUpsideDown UIInterfaceOrientationLandscapeLeft UIInterfaceOrientationLandscapeRight";
				INFOPLIST_KEY_UISupportedInterfaceOrientations_iPhone = "UIInterfaceOrientationPortrait UIInterfaceOrientationLandscapeLeft UIInterfaceOrientationLandscapeRight";
				LD_RUNPATH_SEARCH_PATHS = (
					"$(inherited)",
					"@executable_path/Frameworks",
				);
				MARKETING_VERSION = 1.0;
				PRODUCT_BUNDLE_IDENTIFIER = "me.toshi-sv.WWDC23Sandbox";
				PRODUCT_NAME = "$(TARGET_NAME)";
				SWIFT_EMIT_LOC_STRINGS = YES;
				SWIFT_VERSION = 5.0;
				TARGETED_DEVICE_FAMILY = "1,2";
			};
			name = Debug;
		};
		48FA76172A51B25F008CABDE /* Release */ = {
			isa = XCBuildConfiguration;
			buildSettings = {
				ASSETCATALOG_COMPILER_APPICON_NAME = AppIcon;
				ASSETCATALOG_COMPILER_GLOBAL_ACCENT_COLOR_NAME = AccentColor;
				CODE_SIGN_STYLE = Automatic;
				CURRENT_PROJECT_VERSION = 1;
				DEVELOPMENT_TEAM = 67NJZVUMG3;
				GENERATE_INFOPLIST_FILE = YES;
				INFOPLIST_FILE = WWDC23Sandbox/Info.plist;
				INFOPLIST_KEY_UIApplicationSupportsIndirectInputEvents = YES;
				INFOPLIST_KEY_UILaunchStoryboardName = LaunchScreen;
				INFOPLIST_KEY_UIMainStoryboardFile = Main;
				INFOPLIST_KEY_UISupportedInterfaceOrientations_iPad = "UIInterfaceOrientationPortrait UIInterfaceOrientationPortraitUpsideDown UIInterfaceOrientationLandscapeLeft UIInterfaceOrientationLandscapeRight";
				INFOPLIST_KEY_UISupportedInterfaceOrientations_iPhone = "UIInterfaceOrientationPortrait UIInterfaceOrientationLandscapeLeft UIInterfaceOrientationLandscapeRight";
				LD_RUNPATH_SEARCH_PATHS = (
					"$(inherited)",
					"@executable_path/Frameworks",
				);
				MARKETING_VERSION = 1.0;
				PRODUCT_BUNDLE_IDENTIFIER = "me.toshi-sv.WWDC23Sandbox";
				PRODUCT_NAME = "$(TARGET_NAME)";
				SWIFT_EMIT_LOC_STRINGS = YES;
				SWIFT_VERSION = 5.0;
				TARGETED_DEVICE_FAMILY = "1,2";
			};
			name = Release;
		};
/* End XCBuildConfiguration section */

/* Begin XCConfigurationList section */
		48FA75FC2A51B25F008CABDE /* Build configuration list for PBXProject "WWDC23Sandbox" */ = {
			isa = XCConfigurationList;
			buildConfigurations = (
				48FA76132A51B25F008CABDE /* Debug */,
				48FA76142A51B25F008CABDE /* Release */,
			);
			defaultConfigurationIsVisible = 0;
			defaultConfigurationName = Release;
		};
		48FA76152A51B25F008CABDE /* Build configuration list for PBXNativeTarget "WWDC23Sandbox" */ = {
			isa = XCConfigurationList;
			buildConfigurations = (
				48FA76162A51B25F008CABDE /* Debug */,
				48FA76172A51B25F008CABDE /* Release */,
			);
			defaultConfigurationIsVisible = 0;
			defaultConfigurationName = Release;
		};
/* End XCConfigurationList section */
	};
	rootObject = 48FA75F92A51B25F008CABDE /* Project object */;
}
